// !$*UTF8*$!
{
	archiveVersion = 1;
	classes = {
	};
	objectVersion = 56;
	objects = {

/* Begin PBXBuildFile section */
		CD5B304629043C6E00B9105C /* Tile.swift in Sources */ = {isa = PBXBuildFile; fileRef = CD5B304529043C6E00B9105C /* Tile.swift */; };
		CD5B304829043C9300B9105C /* Board.swift in Sources */ = {isa = PBXBuildFile; fileRef = CD5B304729043C9300B9105C /* Board.swift */; };
		CD5B304C2904417600B9105C /* Five Tiles.swift in Sources */ = {isa = PBXBuildFile; fileRef = CD5B304B2904417600B9105C /* Five Tiles.swift */; };
		CD5B304F29045A4B00B9105C /* RoundedCornersShape.swift in Sources */ = {isa = PBXBuildFile; fileRef = CD5B304E29045A4B00B9105C /* RoundedCornersShape.swift */; };
		CD77072728FF46C400659FFC /* Five_GuysApp.swift in Sources */ = {isa = PBXBuildFile; fileRef = CD77072628FF46C400659FFC /* Five_GuysApp.swift */; };
		CD77072B28FF46C600659FFC /* Assets.xcassets in Resources */ = {isa = PBXBuildFile; fileRef = CD77072A28FF46C600659FFC /* Assets.xcassets */; };
		CD77072E28FF46C600659FFC /* Preview Assets.xcassets in Resources */ = {isa = PBXBuildFile; fileRef = CD77072D28FF46C600659FFC /* Preview Assets.xcassets */; };
		CD7707352900934C00659FFC /* MainView.swift in Sources */ = {isa = PBXBuildFile; fileRef = CD7707342900934C00659FFC /* MainView.swift */; };
		CDA499B1290C210000545B93 /* InfoButton.swift in Sources */ = {isa = PBXBuildFile; fileRef = CDA499B0290C210000545B93 /* InfoButton.swift */; };
		CDE464962909D28F00AA8FB8 /* HomeView.swift in Sources */ = {isa = PBXBuildFile; fileRef = CDE464952909D28F00AA8FB8 /* HomeView.swift */; };
		CDE464982909D2AC00AA8FB8 /* GameView.swift in Sources */ = {isa = PBXBuildFile; fileRef = CDE464972909D2AC00AA8FB8 /* GameView.swift */; };
		CDE4649A2909D5AB00AA8FB8 /* Page.swift in Sources */ = {isa = PBXBuildFile; fileRef = CDE464992909D5AB00AA8FB8 /* Page.swift */; };
		CDE4649C290A733D00AA8FB8 /* MemoryHandler.swift in Sources */ = {isa = PBXBuildFile; fileRef = CDE4649B290A733D00AA8FB8 /* MemoryHandler.swift */; };
		CDE4649F290AB06300AA8FB8 /* BackIcon.swift in Sources */ = {isa = PBXBuildFile; fileRef = CDE4649E290AB06300AA8FB8 /* BackIcon.swift */; };
		CDE464A2290AB19800AA8FB8 /* MenuButton.swift in Sources */ = {isa = PBXBuildFile; fileRef = CDE464A1290AB19800AA8FB8 /* MenuButton.swift */; };
		CDE464A4290AB36800AA8FB8 /* Title.swift in Sources */ = {isa = PBXBuildFile; fileRef = CDE464A3290AB36800AA8FB8 /* Title.swift */; };
		CDE464A6290AB52D00AA8FB8 /* Subtitle.swift in Sources */ = {isa = PBXBuildFile; fileRef = CDE464A5290AB52D00AA8FB8 /* Subtitle.swift */; };
		CDE464A8290ABA7D00AA8FB8 /* HistoryView.swift in Sources */ = {isa = PBXBuildFile; fileRef = CDE464A7290ABA7D00AA8FB8 /* HistoryView.swift */; };
		CDE464AA290ABF0A00AA8FB8 /* HisoryField.swift in Sources */ = {isa = PBXBuildFile; fileRef = CDE464A9290ABF0A00AA8FB8 /* HisoryField.swift */; };
		CDE464AC290B06DA00AA8FB8 /* isNumberString.swift in Sources */ = {isa = PBXBuildFile; fileRef = CDE464AB290B06DA00AA8FB8 /* isNumberString.swift */; };
		CDE464AF290B366900AA8FB8 /* Popup.swift in Sources */ = {isa = PBXBuildFile; fileRef = CDE464AE290B366900AA8FB8 /* Popup.swift */; };
		CDE464B1290BC28900AA8FB8 /* IntegerPower.swift in Sources */ = {isa = PBXBuildFile; fileRef = CDE464B0290BC28900AA8FB8 /* IntegerPower.swift */; };
		CDE464B4290BC87E00AA8FB8 /* GameViewModel.swift in Sources */ = {isa = PBXBuildFile; fileRef = CDE464B3290BC87E00AA8FB8 /* GameViewModel.swift */; };
		CDE464B6290BC94800AA8FB8 /* HomeViewModel.swift in Sources */ = {isa = PBXBuildFile; fileRef = CDE464B5290BC94800AA8FB8 /* HomeViewModel.swift */; };
/* End PBXBuildFile section */

/* Begin PBXFileReference section */
		CD5B304529043C6E00B9105C /* Tile.swift */ = {isa = PBXFileReference; lastKnownFileType = sourcecode.swift; path = Tile.swift; sourceTree = "<group>"; };
		CD5B304729043C9300B9105C /* Board.swift */ = {isa = PBXFileReference; lastKnownFileType = sourcecode.swift; path = Board.swift; sourceTree = "<group>"; };
		CD5B304B2904417600B9105C /* Five Tiles.swift */ = {isa = PBXFileReference; lastKnownFileType = sourcecode.swift; path = "Five Tiles.swift"; sourceTree = "<group>"; };
		CD5B304E29045A4B00B9105C /* RoundedCornersShape.swift */ = {isa = PBXFileReference; lastKnownFileType = sourcecode.swift; path = RoundedCornersShape.swift; sourceTree = "<group>"; };
		CD77072328FF46C400659FFC /* Five Guys.app */ = {isa = PBXFileReference; explicitFileType = wrapper.application; includeInIndex = 0; path = "Five Guys.app"; sourceTree = BUILT_PRODUCTS_DIR; };
		CD77072628FF46C400659FFC /* Five_GuysApp.swift */ = {isa = PBXFileReference; lastKnownFileType = sourcecode.swift; path = Five_GuysApp.swift; sourceTree = "<group>"; };
		CD77072A28FF46C600659FFC /* Assets.xcassets */ = {isa = PBXFileReference; lastKnownFileType = folder.assetcatalog; path = Assets.xcassets; sourceTree = "<group>"; };
		CD77072D28FF46C600659FFC /* Preview Assets.xcassets */ = {isa = PBXFileReference; lastKnownFileType = folder.assetcatalog; path = "Preview Assets.xcassets"; sourceTree = "<group>"; };
		CD7707342900934C00659FFC /* MainView.swift */ = {isa = PBXFileReference; lastKnownFileType = sourcecode.swift; path = MainView.swift; sourceTree = "<group>"; };
		CDA499B0290C210000545B93 /* InfoButton.swift */ = {isa = PBXFileReference; lastKnownFileType = sourcecode.swift; path = InfoButton.swift; sourceTree = "<group>"; };
		CDE464952909D28F00AA8FB8 /* HomeView.swift */ = {isa = PBXFileReference; lastKnownFileType = sourcecode.swift; path = HomeView.swift; sourceTree = "<group>"; };
		CDE464972909D2AC00AA8FB8 /* GameView.swift */ = {isa = PBXFileReference; lastKnownFileType = sourcecode.swift; path = GameView.swift; sourceTree = "<group>"; };
		CDE464992909D5AB00AA8FB8 /* Page.swift */ = {isa = PBXFileReference; lastKnownFileType = sourcecode.swift; path = Page.swift; sourceTree = "<group>"; };
		CDE4649B290A733D00AA8FB8 /* MemoryHandler.swift */ = {isa = PBXFileReference; lastKnownFileType = sourcecode.swift; path = MemoryHandler.swift; sourceTree = "<group>"; };
		CDE4649E290AB06300AA8FB8 /* BackIcon.swift */ = {isa = PBXFileReference; lastKnownFileType = sourcecode.swift; path = BackIcon.swift; sourceTree = "<group>"; };
		CDE464A1290AB19800AA8FB8 /* MenuButton.swift */ = {isa = PBXFileReference; lastKnownFileType = sourcecode.swift; path = MenuButton.swift; sourceTree = "<group>"; };
		CDE464A3290AB36800AA8FB8 /* Title.swift */ = {isa = PBXFileReference; lastKnownFileType = sourcecode.swift; path = Title.swift; sourceTree = "<group>"; };
		CDE464A5290AB52D00AA8FB8 /* Subtitle.swift */ = {isa = PBXFileReference; lastKnownFileType = sourcecode.swift; path = Subtitle.swift; sourceTree = "<group>"; };
		CDE464A7290ABA7D00AA8FB8 /* HistoryView.swift */ = {isa = PBXFileReference; lastKnownFileType = sourcecode.swift; path = HistoryView.swift; sourceTree = "<group>"; };
		CDE464A9290ABF0A00AA8FB8 /* HisoryField.swift */ = {isa = PBXFileReference; lastKnownFileType = sourcecode.swift; path = HisoryField.swift; sourceTree = "<group>"; };
		CDE464AB290B06DA00AA8FB8 /* isNumberString.swift */ = {isa = PBXFileReference; lastKnownFileType = sourcecode.swift; path = isNumberString.swift; sourceTree = "<group>"; };
		CDE464AE290B366900AA8FB8 /* Popup.swift */ = {isa = PBXFileReference; lastKnownFileType = sourcecode.swift; path = Popup.swift; sourceTree = "<group>"; };
		CDE464B0290BC28900AA8FB8 /* IntegerPower.swift */ = {isa = PBXFileReference; lastKnownFileType = sourcecode.swift; path = IntegerPower.swift; sourceTree = "<group>"; };
		CDE464B3290BC87E00AA8FB8 /* GameViewModel.swift */ = {isa = PBXFileReference; lastKnownFileType = sourcecode.swift; path = GameViewModel.swift; sourceTree = "<group>"; };
		CDE464B5290BC94800AA8FB8 /* HomeViewModel.swift */ = {isa = PBXFileReference; lastKnownFileType = sourcecode.swift; path = HomeViewModel.swift; sourceTree = "<group>"; };
/* End PBXFileReference section */

/* Begin PBXFrameworksBuildPhase section */
		CD77072028FF46C400659FFC /* Frameworks */ = {
			isa = PBXFrameworksBuildPhase;
			buildActionMask = 2147483647;
			files = (
			);
			runOnlyForDeploymentPostprocessing = 0;
		};
/* End PBXFrameworksBuildPhase section */

/* Begin PBXGroup section */
		CD5B304329043BCD00B9105C /* Games */ = {
			isa = PBXGroup;
			children = (
				CD5B304429043BE400B9105C /* Five Tiles */,
			);
			path = Games;
			sourceTree = "<group>";
		};
		CD5B304429043BE400B9105C /* Five Tiles */ = {
			isa = PBXGroup;
			children = (
				CD5B304529043C6E00B9105C /* Tile.swift */,
				CD5B304729043C9300B9105C /* Board.swift */,
				CD5B304B2904417600B9105C /* Five Tiles.swift */,
			);
			path = "Five Tiles";
			sourceTree = "<group>";
		};
		CD5B304D29045A1000B9105C /* Custom */ = {
			isa = PBXGroup;
			children = (
				CD5B304E29045A4B00B9105C /* RoundedCornersShape.swift */,
				CDE464992909D5AB00AA8FB8 /* Page.swift */,
				CDE4649B290A733D00AA8FB8 /* MemoryHandler.swift */,
				CDE464AB290B06DA00AA8FB8 /* isNumberString.swift */,
				CDE464B0290BC28900AA8FB8 /* IntegerPower.swift */,
			);
			path = Custom;
			sourceTree = "<group>";
		};
		CD77071A28FF46C400659FFC = {
			isa = PBXGroup;
			children = (
				CD77072528FF46C400659FFC /* Five Guys */,
				CD77072428FF46C400659FFC /* Products */,
			);
			sourceTree = "<group>";
		};
		CD77072428FF46C400659FFC /* Products */ = {
			isa = PBXGroup;
			children = (
				CD77072328FF46C400659FFC /* Five Guys.app */,
			);
			name = Products;
			sourceTree = "<group>";
		};
		CD77072528FF46C400659FFC /* Five Guys */ = {
			isa = PBXGroup;
			children = (
				CD77072628FF46C400659FFC /* Five_GuysApp.swift */,
				CD7707342900934C00659FFC /* MainView.swift */,
				CDE464B2290BC6E800AA8FB8 /* Models */,
				CDE464AD290B1C8000AA8FB8 /* Views */,
				CDE4649D290AB03E00AA8FB8 /* Components */,
				CD5B304D29045A1000B9105C /* Custom */,
				CD5B304329043BCD00B9105C /* Games */,
				CD77072A28FF46C600659FFC /* Assets.xcassets */,
				CD77072C28FF46C600659FFC /* Preview Content */,
			);
			path = "Five Guys";
			sourceTree = "<group>";
		};
		CD77072C28FF46C600659FFC /* Preview Content */ = {
			isa = PBXGroup;
			children = (
				CD77072D28FF46C600659FFC /* Preview Assets.xcassets */,
			);
			path = "Preview Content";
			sourceTree = "<group>";
		};
		CDE4649D290AB03E00AA8FB8 /* Components */ = {
			isa = PBXGroup;
			children = (
				CDE4649E290AB06300AA8FB8 /* BackIcon.swift */,
				CDE464A1290AB19800AA8FB8 /* MenuButton.swift */,
				CDE464A3290AB36800AA8FB8 /* Title.swift */,
				CDE464A5290AB52D00AA8FB8 /* Subtitle.swift */,
				CDE464A9290ABF0A00AA8FB8 /* HisoryField.swift */,
				CDE464AE290B366900AA8FB8 /* Popup.swift */,
				CDA499B0290C210000545B93 /* InfoButton.swift */,
			);
			path = Components;
			sourceTree = "<group>";
		};
		CDE464AD290B1C8000AA8FB8 /* Views */ = {
			isa = PBXGroup;
			children = (
				CDE464952909D28F00AA8FB8 /* HomeView.swift */,
				CDE464972909D2AC00AA8FB8 /* GameView.swift */,
				CDE464A7290ABA7D00AA8FB8 /* HistoryView.swift */,
			);
			path = Views;
			sourceTree = "<group>";
		};
		CDE464B2290BC6E800AA8FB8 /* Models */ = {
			isa = PBXGroup;
			children = (
				CDE464B5290BC94800AA8FB8 /* HomeViewModel.swift */,
				CDE464B3290BC87E00AA8FB8 /* GameViewModel.swift */,
			);
			path = Models;
			sourceTree = "<group>";
		};
/* End PBXGroup section */

/* Begin PBXNativeTarget section */
		CD77072228FF46C400659FFC /* Five Guys */ = {
			isa = PBXNativeTarget;
			buildConfigurationList = CD77073128FF46C600659FFC /* Build configuration list for PBXNativeTarget "Five Guys" */;
			buildPhases = (
				CD77071F28FF46C400659FFC /* Sources */,
				CD77072028FF46C400659FFC /* Frameworks */,
				CD77072128FF46C400659FFC /* Resources */,
			);
			buildRules = (
			);
			dependencies = (
			);
			name = "Five Guys";
			productName = "Five Guys";
			productReference = CD77072328FF46C400659FFC /* Five Guys.app */;
			productType = "com.apple.product-type.application";
		};
/* End PBXNativeTarget section */

/* Begin PBXProject section */
		CD77071B28FF46C400659FFC /* Project object */ = {
			isa = PBXProject;
			attributes = {
				BuildIndependentTargetsInParallel = 1;
				LastSwiftUpdateCheck = 1400;
				LastUpgradeCheck = 1400;
				TargetAttributes = {
					CD77072228FF46C400659FFC = {
						CreatedOnToolsVersion = 14.0.1;
					};
				};
			};
			buildConfigurationList = CD77071E28FF46C400659FFC /* Build configuration list for PBXProject "Five Guys" */;
			compatibilityVersion = "Xcode 14.0";
			developmentRegion = en;
			hasScannedForEncodings = 0;
			knownRegions = (
				en,
				Base,
			);
			mainGroup = CD77071A28FF46C400659FFC;
			productRefGroup = CD77072428FF46C400659FFC /* Products */;
			projectDirPath = "";
			projectRoot = "";
			targets = (
				CD77072228FF46C400659FFC /* Five Guys */,
			);
		};
/* End PBXProject section */

/* Begin PBXResourcesBuildPhase section */
		CD77072128FF46C400659FFC /* Resources */ = {
			isa = PBXResourcesBuildPhase;
			buildActionMask = 2147483647;
			files = (
				CD77072E28FF46C600659FFC /* Preview Assets.xcassets in Resources */,
				CD77072B28FF46C600659FFC /* Assets.xcassets in Resources */,
			);
			runOnlyForDeploymentPostprocessing = 0;
		};
/* End PBXResourcesBuildPhase section */

/* Begin PBXSourcesBuildPhase section */
		CD77071F28FF46C400659FFC /* Sources */ = {
			isa = PBXSourcesBuildPhase;
			buildActionMask = 2147483647;
			files = (
				CDE464AF290B366900AA8FB8 /* Popup.swift in Sources */,
				CD5B304F29045A4B00B9105C /* RoundedCornersShape.swift in Sources */,
				CDE464B1290BC28900AA8FB8 /* IntegerPower.swift in Sources */,
				CD5B304629043C6E00B9105C /* Tile.swift in Sources */,
				CDE464A4290AB36800AA8FB8 /* Title.swift in Sources */,
				CDA499B1290C210000545B93 /* InfoButton.swift in Sources */,
				CDE4649C290A733D00AA8FB8 /* MemoryHandler.swift in Sources */,
				CD7707352900934C00659FFC /* MainView.swift in Sources */,
				CD77072728FF46C400659FFC /* Five_GuysApp.swift in Sources */,
				CDE464B4290BC87E00AA8FB8 /* GameViewModel.swift in Sources */,
				CDE4649A2909D5AB00AA8FB8 /* Page.swift in Sources */,
				CDE464AC290B06DA00AA8FB8 /* isNumberString.swift in Sources */,
				CDE464982909D2AC00AA8FB8 /* GameView.swift in Sources */,
				CDE4649F290AB06300AA8FB8 /* BackIcon.swift in Sources */,
				CDE464A8290ABA7D00AA8FB8 /* HistoryView.swift in Sources */,
				CDE464A6290AB52D00AA8FB8 /* Subtitle.swift in Sources */,
				CDE464AA290ABF0A00AA8FB8 /* HisoryField.swift in Sources */,
				CDE464B6290BC94800AA8FB8 /* HomeViewModel.swift in Sources */,
				CDE464962909D28F00AA8FB8 /* HomeView.swift in Sources */,
				CD5B304C2904417600B9105C /* Five Tiles.swift in Sources */,
				CDE464A2290AB19800AA8FB8 /* MenuButton.swift in Sources */,
				CD5B304829043C9300B9105C /* Board.swift in Sources */,
			);
			runOnlyForDeploymentPostprocessing = 0;
		};
/* End PBXSourcesBuildPhase section */

/* Begin XCBuildConfiguration section */
		CD77072F28FF46C600659FFC /* Debug */ = {
			isa = XCBuildConfiguration;
			buildSettings = {
				ALWAYS_SEARCH_USER_PATHS = NO;
				CLANG_ANALYZER_NONNULL = YES;
				CLANG_ANALYZER_NUMBER_OBJECT_CONVERSION = YES_AGGRESSIVE;
				CLANG_CXX_LANGUAGE_STANDARD = "gnu++20";
				CLANG_ENABLE_MODULES = YES;
				CLANG_ENABLE_OBJC_ARC = YES;
				CLANG_ENABLE_OBJC_WEAK = YES;
				CLANG_WARN_BLOCK_CAPTURE_AUTORELEASING = YES;
				CLANG_WARN_BOOL_CONVERSION = YES;
				CLANG_WARN_COMMA = YES;
				CLANG_WARN_CONSTANT_CONVERSION = YES;
				CLANG_WARN_DEPRECATED_OBJC_IMPLEMENTATIONS = YES;
				CLANG_WARN_DIRECT_OBJC_ISA_USAGE = YES_ERROR;
				CLANG_WARN_DOCUMENTATION_COMMENTS = YES;
				CLANG_WARN_EMPTY_BODY = YES;
				CLANG_WARN_ENUM_CONVERSION = YES;
				CLANG_WARN_INFINITE_RECURSION = YES;
				CLANG_WARN_INT_CONVERSION = YES;
				CLANG_WARN_NON_LITERAL_NULL_CONVERSION = YES;
				CLANG_WARN_OBJC_IMPLICIT_RETAIN_SELF = YES;
				CLANG_WARN_OBJC_LITERAL_CONVERSION = YES;
				CLANG_WARN_OBJC_ROOT_CLASS = YES_ERROR;
				CLANG_WARN_QUOTED_INCLUDE_IN_FRAMEWORK_HEADER = YES;
				CLANG_WARN_RANGE_LOOP_ANALYSIS = YES;
				CLANG_WARN_STRICT_PROTOTYPES = YES;
				CLANG_WARN_SUSPICIOUS_MOVE = YES;
				CLANG_WARN_UNGUARDED_AVAILABILITY = YES_AGGRESSIVE;
				CLANG_WARN_UNREACHABLE_CODE = YES;
				CLANG_WARN__DUPLICATE_METHOD_MATCH = YES;
				COPY_PHASE_STRIP = NO;
				DEBUG_INFORMATION_FORMAT = dwarf;
				ENABLE_STRICT_OBJC_MSGSEND = YES;
				ENABLE_TESTABILITY = YES;
				GCC_C_LANGUAGE_STANDARD = gnu11;
				GCC_DYNAMIC_NO_PIC = NO;
				GCC_NO_COMMON_BLOCKS = YES;
				GCC_OPTIMIZATION_LEVEL = 0;
				GCC_PREPROCESSOR_DEFINITIONS = (
					"DEBUG=1",
					"$(inherited)",
				);
				GCC_WARN_64_TO_32_BIT_CONVERSION = YES;
				GCC_WARN_ABOUT_RETURN_TYPE = YES_ERROR;
				GCC_WARN_UNDECLARED_SELECTOR = YES;
				GCC_WARN_UNINITIALIZED_AUTOS = YES_AGGRESSIVE;
				GCC_WARN_UNUSED_FUNCTION = YES;
				GCC_WARN_UNUSED_VARIABLE = YES;
				IPHONEOS_DEPLOYMENT_TARGET = 16.0;
				MTL_ENABLE_DEBUG_INFO = INCLUDE_SOURCE;
				MTL_FAST_MATH = YES;
				ONLY_ACTIVE_ARCH = YES;
				SDKROOT = iphoneos;
				SWIFT_ACTIVE_COMPILATION_CONDITIONS = DEBUG;
				SWIFT_OPTIMIZATION_LEVEL = "-Onone";
			};
			name = Debug;
		};
		CD77073028FF46C600659FFC /* Release */ = {
			isa = XCBuildConfiguration;
			buildSettings = {
				ALWAYS_SEARCH_USER_PATHS = NO;
				CLANG_ANALYZER_NONNULL = YES;
				CLANG_ANALYZER_NUMBER_OBJECT_CONVERSION = YES_AGGRESSIVE;
				CLANG_CXX_LANGUAGE_STANDARD = "gnu++20";
				CLANG_ENABLE_MODULES = YES;
				CLANG_ENABLE_OBJC_ARC = YES;
				CLANG_ENABLE_OBJC_WEAK = YES;
				CLANG_WARN_BLOCK_CAPTURE_AUTORELEASING = YES;
				CLANG_WARN_BOOL_CONVERSION = YES;
				CLANG_WARN_COMMA = YES;
				CLANG_WARN_CONSTANT_CONVERSION = YES;
				CLANG_WARN_DEPRECATED_OBJC_IMPLEMENTATIONS = YES;
				CLANG_WARN_DIRECT_OBJC_ISA_USAGE = YES_ERROR;
				CLANG_WARN_DOCUMENTATION_COMMENTS = YES;
				CLANG_WARN_EMPTY_BODY = YES;
				CLANG_WARN_ENUM_CONVERSION = YES;
				CLANG_WARN_INFINITE_RECURSION = YES;
				CLANG_WARN_INT_CONVERSION = YES;
				CLANG_WARN_NON_LITERAL_NULL_CONVERSION = YES;
				CLANG_WARN_OBJC_IMPLICIT_RETAIN_SELF = YES;
				CLANG_WARN_OBJC_LITERAL_CONVERSION = YES;
				CLANG_WARN_OBJC_ROOT_CLASS = YES_ERROR;
				CLANG_WARN_QUOTED_INCLUDE_IN_FRAMEWORK_HEADER = YES;
				CLANG_WARN_RANGE_LOOP_ANALYSIS = YES;
				CLANG_WARN_STRICT_PROTOTYPES = YES;
				CLANG_WARN_SUSPICIOUS_MOVE = YES;
				CLANG_WARN_UNGUARDED_AVAILABILITY = YES_AGGRESSIVE;
				CLANG_WARN_UNREACHABLE_CODE = YES;
				CLANG_WARN__DUPLICATE_METHOD_MATCH = YES;
				COPY_PHASE_STRIP = NO;
				DEBUG_INFORMATION_FORMAT = "dwarf-with-dsym";
				ENABLE_NS_ASSERTIONS = NO;
				ENABLE_STRICT_OBJC_MSGSEND = YES;
				GCC_C_LANGUAGE_STANDARD = gnu11;
				GCC_NO_COMMON_BLOCKS = YES;
				GCC_WARN_64_TO_32_BIT_CONVERSION = YES;
				GCC_WARN_ABOUT_RETURN_TYPE = YES_ERROR;
				GCC_WARN_UNDECLARED_SELECTOR = YES;
				GCC_WARN_UNINITIALIZED_AUTOS = YES_AGGRESSIVE;
				GCC_WARN_UNUSED_FUNCTION = YES;
				GCC_WARN_UNUSED_VARIABLE = YES;
				IPHONEOS_DEPLOYMENT_TARGET = 16.0;
				MTL_ENABLE_DEBUG_INFO = NO;
				MTL_FAST_MATH = YES;
				SDKROOT = iphoneos;
				SWIFT_COMPILATION_MODE = wholemodule;
				SWIFT_OPTIMIZATION_LEVEL = "-O";
				VALIDATE_PRODUCT = YES;
			};
			name = Release;
		};
		CD77073228FF46C600659FFC /* Debug */ = {
			isa = XCBuildConfiguration;
			buildSettings = {
				ASSETCATALOG_COMPILER_APPICON_NAME = AppIcon;
				ASSETCATALOG_COMPILER_GLOBAL_ACCENT_COLOR_NAME = AccentColor;
				CODE_SIGN_STYLE = Automatic;
				CURRENT_PROJECT_VERSION = 1;
				DEVELOPMENT_ASSET_PATHS = "\"Five Guys/Preview Content\"";
				DEVELOPMENT_TEAM = 57Z9KVXBQ7;
				ENABLE_PREVIEWS = YES;
				GENERATE_INFOPLIST_FILE = YES;
				INFOPLIST_KEY_UIApplicationSceneManifest_Generation = YES;
				INFOPLIST_KEY_UIApplicationSupportsIndirectInputEvents = YES;
				INFOPLIST_KEY_UILaunchScreen_Generation = YES;
				INFOPLIST_KEY_UISupportedInterfaceOrientations_iPad = "UIInterfaceOrientationPortrait UIInterfaceOrientationPortraitUpsideDown UIInterfaceOrientationLandscapeLeft UIInterfaceOrientationLandscapeRight";
				INFOPLIST_KEY_UISupportedInterfaceOrientations_iPhone = "UIInterfaceOrientationPortrait UIInterfaceOrientationLandscapeLeft UIInterfaceOrientationLandscapeRight";
				LD_RUNPATH_SEARCH_PATHS = (
					"$(inherited)",
					"@executable_path/Frameworks",
				);
				MARKETING_VERSION = 1.0;
				PRODUCT_BUNDLE_IDENTIFIER = "Five-Guys.Five-Guys";
				PRODUCT_NAME = "$(TARGET_NAME)";
				SWIFT_EMIT_LOC_STRINGS = YES;
				SWIFT_VERSION = 5.0;
				TARGETED_DEVICE_FAMILY = "1,2";
			};
			name = Debug;
		};
		CD77073328FF46C600659FFC /* Release */ = {
			isa = XCBuildConfiguration;
			buildSettings = {
				ASSETCATALOG_COMPILER_APPICON_NAME = AppIcon;
				ASSETCATALOG_COMPILER_GLOBAL_ACCENT_COLOR_NAME = AccentColor;
				CODE_SIGN_STYLE = Automatic;
				CURRENT_PROJECT_VERSION = 1;
				DEVELOPMENT_ASSET_PATHS = "\"Five Guys/Preview Content\"";
				DEVELOPMENT_TEAM = 57Z9KVXBQ7;
				ENABLE_PREVIEWS = YES;
				GENERATE_INFOPLIST_FILE = YES;
				INFOPLIST_KEY_UIApplicationSceneManifest_Generation = YES;
				INFOPLIST_KEY_UIApplicationSupportsIndirectInputEvents = YES;
				INFOPLIST_KEY_UILaunchScreen_Generation = YES;
				INFOPLIST_KEY_UISupportedInterfaceOrientations_iPad = "UIInterfaceOrientationPortrait UIInterfaceOrientationPortraitUpsideDown UIInterfaceOrientationLandscapeLeft UIInterfaceOrientationLandscapeRight";
				INFOPLIST_KEY_UISupportedInterfaceOrientations_iPhone = "UIInterfaceOrientationPortrait UIInterfaceOrientationLandscapeLeft UIInterfaceOrientationLandscapeRight";
				LD_RUNPATH_SEARCH_PATHS = (
					"$(inherited)",
					"@executable_path/Frameworks",
				);
				MARKETING_VERSION = 1.0;
				PRODUCT_BUNDLE_IDENTIFIER = "Five-Guys.Five-Guys";
				PRODUCT_NAME = "$(TARGET_NAME)";
				SWIFT_EMIT_LOC_STRINGS = YES;
				SWIFT_VERSION = 5.0;
				TARGETED_DEVICE_FAMILY = "1,2";
			};
			name = Release;
		};
/* End XCBuildConfiguration section */

/* Begin XCConfigurationList section */
		CD77071E28FF46C400659FFC /* Build configuration list for PBXProject "Five Guys" */ = {
			isa = XCConfigurationList;
			buildConfigurations = (
				CD77072F28FF46C600659FFC /* Debug */,
				CD77073028FF46C600659FFC /* Release */,
			);
			defaultConfigurationIsVisible = 0;
			defaultConfigurationName = Release;
		};
		CD77073128FF46C600659FFC /* Build configuration list for PBXNativeTarget "Five Guys" */ = {
			isa = XCConfigurationList;
			buildConfigurations = (
				CD77073228FF46C600659FFC /* Debug */,
				CD77073328FF46C600659FFC /* Release */,
			);
			defaultConfigurationIsVisible = 0;
			defaultConfigurationName = Release;
		};
/* End XCConfigurationList section */
	};
	rootObject = CD77071B28FF46C400659FFC /* Project object */;
}
